<?xml version="1.0" encoding="utf-8"?>
<Project ToolsVersion="4.0" xmlns="http://schemas.microsoft.com/developer/msbuild/2003">
  <ItemGroup>
    <ClCompile Include="src\dcmd\windows\ctx.cpp">
      <Filter>dcmd</Filter>
    </ClCompile>
    <ClCompile Include="src\dcmd\windows\device.cpp">
      <Filter>dcmd</Filter>
    </ClCompile>
    <ClCompile Include="src\dcmd\windows\flow.cpp">
      <Filter>dcmd</Filter>
    </ClCompile>
    <ClCompile Include="src\utils\windows\log.cpp">
      <Filter>dcmd</Filter>
    </ClCompile>
    <ClCompile Include="src\dcmd\windows\obj.cpp">
      <Filter>dcmd</Filter>
    </ClCompile>
    <ClCompile Include="src\dcmd\windows\umem.cpp">
      <Filter>dcmd</Filter>
    </ClCompile>
    <ClCompile Include="src\utils\windows\utils.cpp">
      <Filter>dcmd</Filter>
    </ClCompile>
    <ClCompile Include="src\dcmd\windows\provider.cpp">
      <Filter>dcmd</Filter>
    </ClCompile>
    <ClCompile Include="src\dpcp\adapter.cpp">
      <Filter>dpcp</Filter>
    </ClCompile>
    <ClCompile Include="src\dpcp\cq.cpp">
      <Filter>dpcp</Filter>
    </ClCompile>
    <ClCompile Include="src\dpcp\dpcp.cpp">
      <Filter>dpcp</Filter>
    </ClCompile>
    <ClCompile Include="src\dpcp\dpcp_obj.cpp">
      <Filter>dpcp</Filter>
    </ClCompile>
    <ClCompile Include="src\dpcp\fr.cpp">
      <Filter>dpcp</Filter>
    </ClCompile>
    <ClCompile Include="src\dpcp\mkey.cpp">
      <Filter>dpcp</Filter>
    </ClCompile>
    <ClCompile Include="src\dpcp\rq.cpp">
      <Filter>dpcp</Filter>
    </ClCompile>
    <ClCompile Include="src\utils\windows\stdafx.cpp">
      <Filter>dpcp</Filter>
    </ClCompile>
    <ClCompile Include="src\dpcp\tir.cpp">
      <Filter>dpcp</Filter>
    </ClCompile>
    <ClCompile Include="src\dpcp\tis.cpp">
      <Filter>dpcp</Filter>
    </ClCompile>
    <ClCompile Include="src\dcmd\windows\uar.cpp">
      <Filter>dpcp</Filter>
    </ClCompile>
    <ClCompile Include="src\dcmd\windows\compchannel.cpp">
      <Filter>dcmd</Filter>
    </ClCompile>
    <ClCompile Include="src\dpcp\eq.cpp">
      <Filter>dpcp</Filter>
    </ClCompile>
    <ClCompile Include="src\dpcp\dek.cpp">
      <Filter>dpcp</Filter>
    </ClCompile>
    <ClCompile Include="src\dpcp\sq.cpp">
      <Filter>dpcp</Filter>
    </ClCompile>
    <ClCompile Include="src\dpcp\parser_graph_node.cpp">
      <Filter>dpcp</Filter>
    </ClCompile>
    <ClCompile Include="src\dpcp\flow_action.cpp">
      <Filter>dpcp</Filter>
    </ClCompile>
    <ClCompile Include="src\dpcp\flow_group.cpp">
      <Filter>dpcp</Filter>
    </ClCompile>
    <ClCompile Include="src\dpcp\flow_matcher.cpp">
      <Filter>dpcp</Filter>
    </ClCompile>
    <ClCompile Include="src\dpcp\flow_rule_ex.cpp">
      <Filter>dpcp</Filter>
    </ClCompile>
    <ClCompile Include="src\dpcp\flow_table.cpp">
      <Filter>dpcp</Filter>
    </ClCompile>
    <ClCompile Include="src\dcmd\windows\action.cpp">
      <Filter>dcmd</Filter>
    </ClCompile>
    <ClCompile Include="src\dpcp\forwardable_obj.cpp">
      <Filter>dpcp</Filter>
    </ClCompile>
  </ItemGroup>
  <ItemGroup>
    <ClInclude Include="src\dcmd\windows\ctx.h">
      <Filter>dcmd</Filter>
    </ClInclude>
    <ClInclude Include="src\dcmd\windows\def.h">
      <Filter>dcmd</Filter>
    </ClInclude>
    <ClInclude Include="src\dcmd\dcmd.h">
      <Filter>dcmd</Filter>
    </ClInclude>
    <ClInclude Include="src\dcmd\windows\device.h">
      <Filter>dcmd</Filter>
    </ClInclude>
    <ClInclude Include="src\dcmd\windows\flow.h">
      <Filter>dcmd</Filter>
    </ClInclude>
    <ClInclude Include="src\utils\windows\log.h">
      <Filter>dcmd</Filter>
    </ClInclude>
    <ClInclude Include="src\dcmd\windows\obj.h">
      <Filter>dcmd</Filter>
    </ClInclude>
    <ClInclude Include="src\dcmd\windows\prm.h">
      <Filter>dcmd</Filter>
    </ClInclude>
    <ClInclude Include="src\utils\os.h">
      <Filter>dcmd</Filter>
    </ClInclude>
    <ClInclude Include="src\dcmd\windows\umem.h">
      <Filter>dcmd</Filter>
    </ClInclude>
    <ClInclude Include="src\utils\windows\utils.h">
      <Filter>dcmd</Filter>
    </ClInclude>
    <ClInclude Include="src\dcmd\windows\provider.h">
      <Filter>dcmd</Filter>
    </ClInclude>
    <ClInclude Include="src\api\dpcp.h">
      <Filter>dpcp</Filter>
    </ClInclude>
    <ClInclude Include="src\dpcp\internal.h">
      <Filter>dpcp</Filter>
    </ClInclude>
    <ClInclude Include="src\utils\windows\stdafx.h">
      <Filter>dpcp</Filter>
    </ClInclude>
    <ClInclude Include="src\dcmd\windows\uar.h">
      <Filter>dpcp</Filter>
    </ClInclude>
    <ClInclude Include="src\dcmd\windows\compchannel.h">
      <Filter>dcmd</Filter>
    </ClInclude>
    <ClInclude Include="src\dcmd\base\base_ctx.h">
      <Filter>dcmd_base</Filter>
    </ClInclude>
    <ClInclude Include="src\dcmd\base\base_device.h">
      <Filter>dcmd_base</Filter>
    </ClInclude>
    <ClInclude Include="src\dcmd\base\base_flow.h">
      <Filter>dcmd_base</Filter>
    </ClInclude>
    <ClInclude Include="src\dcmd\base\base_obj.h">
      <Filter>dcmd_base</Filter>
    </ClInclude>
    <ClInclude Include="src\dcmd\base\base_provider.h">
      <Filter>dcmd_base</Filter>
    </ClInclude>
    <ClInclude Include="src\dcmd\base\base_uar.h">
      <Filter>dcmd_base</Filter>
    </ClInclude>
    <ClInclude Include="src\dcmd\base\base_umem.h">
      <Filter>dcmd_base</Filter>
    </ClInclude>
    <ClInclude Include="src\dcmd\base\base_action.h">
      <Filter>dcmd_base</Filter>
    </ClInclude>
    <ClInclude Include="src\dcmd\windows\action.h">
      <Filter>dcmd</Filter>
    </ClInclude>
  </ItemGroup>
  <ItemGroup>
    <Filter Include="dcmd">
      <UniqueIdentifier>{6fa7c01f-7d56-4599-9d74-033c385b5ba5}</UniqueIdentifier>
    </Filter>
    <Filter Include="dpcp">
      <UniqueIdentifier>{7de0feef-5e7c-4006-918b-19cced94c40b}</UniqueIdentifier>
    </Filter>
    <Filter Include="dcmd_base">
      <UniqueIdentifier>{02acc6d9-eae5-4baf-ba85-88270d6bd308}</UniqueIdentifier>
    </Filter>
  </ItemGroup>
  <ItemGroup>
    <None Include="sources.props" />
  </ItemGroup>
</Project>