<?xml version="1.0" encoding="utf-8"?>
<Project ToolsVersion="4.0" xmlns="http://schemas.microsoft.com/developer/msbuild/2003">
  <ItemGroup>
    <Filter Include="src">
      <UniqueIdentifier>{ba970893-c688-4e50-9be5-2364a0000be9}</UniqueIdentifier>
    </Filter>
    <Filter Include="src\api">
      <UniqueIdentifier>{6ce30ffb-8637-4ecf-951a-4e9cd792721f}</UniqueIdentifier>
    </Filter>
    <Filter Include="src\dcmd">
      <UniqueIdentifier>{6ec7bb77-95a4-491a-a577-ffaec26775c1}</UniqueIdentifier>
    </Filter>
    <Filter Include="src\dpcp">
      <UniqueIdentifier>{2c229d05-e8cb-4e33-9fce-1a4abda25bb3}</UniqueIdentifier>
    </Filter>
    <Filter Include="src\utils">
      <UniqueIdentifier>{0f944a4b-a696-4aaa-bd82-3547ec04a354}</UniqueIdentifier>
    </Filter>
    <Filter Include="src\utils\windows">
      <UniqueIdentifier>{dfa41f8e-da03-4e7e-aa4d-d43bfbac57f9}</UniqueIdentifier>
    </Filter>
    <Filter Include="src\dcmd\base">
      <UniqueIdentifier>{ed2d4bae-060e-4572-a291-6aff3c46a1d3}</UniqueIdentifier>
    </Filter>
    <Filter Include="src\dcmd\windows">
      <UniqueIdentifier>{13f29617-7b52-4021-97b5-5e411fd61a5f}</UniqueIdentifier>
    </Filter>
  </ItemGroup>
  <ItemGroup>
    <ClCompile Include="src\utils\windows\log.cpp">
      <Filter>src\utils\windows</Filter>
    </ClCompile>
    <ClCompile Include="src\utils\windows\stdafx.cpp">
      <Filter>src\utils\windows</Filter>
    </ClCompile>
    <ClCompile Include="src\utils\windows\utils.cpp">
      <Filter>src\utils\windows</Filter>
    </ClCompile>
    <ClCompile Include="src\dcmd\windows\compchannel.cpp">
      <Filter>src\dcmd\windows</Filter>
    </ClCompile>
    <ClCompile Include="src\dcmd\windows\ctx.cpp">
      <Filter>src\dcmd\windows</Filter>
    </ClCompile>
    <ClCompile Include="src\dcmd\windows\device.cpp">
      <Filter>src\dcmd\windows</Filter>
    </ClCompile>
    <ClCompile Include="src\dcmd\windows\flow.cpp">
      <Filter>src\dcmd\windows</Filter>
    </ClCompile>
    <ClCompile Include="src\dcmd\windows\obj.cpp">
      <Filter>src\dcmd\windows</Filter>
    </ClCompile>
    <ClCompile Include="src\dcmd\windows\provider.cpp">
      <Filter>src\dcmd\windows</Filter>
    </ClCompile>
    <ClCompile Include="src\dcmd\windows\uar.cpp">
      <Filter>src\dcmd\windows</Filter>
    </ClCompile>
    <ClCompile Include="src\dcmd\windows\umem.cpp">
      <Filter>src\dcmd\windows</Filter>
    </ClCompile>
    <ClCompile Include="src\dcmd\windows\action.cpp">
      <Filter>src\dcmd\windows</Filter>
    </ClCompile>
    <ClCompile Include="src\dpcp\adapter.cpp">
      <Filter>src\dpcp</Filter>
    </ClCompile>
    <ClCompile Include="src\dpcp\cq.cpp">
      <Filter>src\dpcp</Filter>
    </ClCompile>
    <ClCompile Include="src\dpcp\dek.cpp">
      <Filter>src\dpcp</Filter>
    </ClCompile>
    <ClCompile Include="src\dpcp\dpcp.cpp">
      <Filter>src\dpcp</Filter>
    </ClCompile>
    <ClCompile Include="src\dpcp\dpcp_obj.cpp">
      <Filter>src\dpcp</Filter>
    </ClCompile>
    <ClCompile Include="src\dpcp\eq.cpp">
      <Filter>src\dpcp</Filter>
    </ClCompile>
    <ClCompile Include="src\dpcp\flow_action.cpp">
      <Filter>src\dpcp</Filter>
    </ClCompile>
    <ClCompile Include="src\dpcp\flow_group.cpp">
      <Filter>src\dpcp</Filter>
    </ClCompile>
    <ClCompile Include="src\dpcp\flow_matcher.cpp">
      <Filter>src\dpcp</Filter>
    </ClCompile>
    <ClCompile Include="src\dpcp\flow_rule_ex.cpp">
      <Filter>src\dpcp</Filter>
    </ClCompile>
    <ClCompile Include="src\dpcp\flow_table.cpp">
      <Filter>src\dpcp</Filter>
    </ClCompile>
    <ClCompile Include="src\dpcp\forwardable_obj.cpp">
      <Filter>src\dpcp</Filter>
    </ClCompile>
    <ClCompile Include="src\dpcp\fr.cpp">
      <Filter>src\dpcp</Filter>
    </ClCompile>
    <ClCompile Include="src\dpcp\mkey.cpp">
      <Filter>src\dpcp</Filter>
    </ClCompile>
    <ClCompile Include="src\dpcp\parser_graph_node.cpp">
      <Filter>src\dpcp</Filter>
    </ClCompile>
    <ClCompile Include="src\dpcp\rq.cpp">
      <Filter>src\dpcp</Filter>
    </ClCompile>
    <ClCompile Include="src\dpcp\sq.cpp">
      <Filter>src\dpcp</Filter>
    </ClCompile>
    <ClCompile Include="src\dpcp\tir.cpp">
      <Filter>src\dpcp</Filter>
    </ClCompile>
    <ClCompile Include="src\dpcp\tis.cpp">
      <Filter>src\dpcp</Filter>
    </ClCompile>
  </ItemGroup>
  <ItemGroup>
    <ClInclude Include="src\api\dpcp.h">
      <Filter>src\api</Filter>
    </ClInclude>
    <ClInclude Include="src\utils\os.h">
      <Filter>src\utils</Filter>
    </ClInclude>
    <ClInclude Include="src\utils\windows\log.h">
      <Filter>src\utils\windows</Filter>
    </ClInclude>
    <ClInclude Include="src\utils\windows\stdafx.h">
      <Filter>src\utils\windows</Filter>
    </ClInclude>
    <ClInclude Include="src\utils\windows\utils.h">
      <Filter>src\utils\windows</Filter>
    </ClInclude>
    <ClInclude Include="src\dcmd\dcmd.h">
      <Filter>src\dcmd</Filter>
    </ClInclude>
    <ClInclude Include="src\dcmd\prm.h">
      <Filter>src\dcmd</Filter>
    </ClInclude>
    <ClInclude Include="src\dcmd\base\base_action.h">
      <Filter>src\dcmd\base</Filter>
    </ClInclude>
    <ClInclude Include="src\dcmd\base\base_ctx.h">
      <Filter>src\dcmd\base</Filter>
    </ClInclude>
    <ClInclude Include="src\dcmd\base\base_device.h">
      <Filter>src\dcmd\base</Filter>
    </ClInclude>
    <ClInclude Include="src\dcmd\base\base_flow.h">
      <Filter>src\dcmd\base</Filter>
    </ClInclude>
    <ClInclude Include="src\dcmd\base\base_obj.h">
      <Filter>src\dcmd\base</Filter>
    </ClInclude>
    <ClInclude Include="src\dcmd\base\base_provider.h">
      <Filter>src\dcmd\base</Filter>
    </ClInclude>
    <ClInclude Include="src\dcmd\base\base_uar.h">
      <Filter>src\dcmd\base</Filter>
    </ClInclude>
    <ClInclude Include="src\dcmd\base\base_umem.h">
      <Filter>src\dcmd\base</Filter>
    </ClInclude>
    <ClInclude Include="src\dcmd\windows\action.h">
      <Filter>src\dcmd\windows</Filter>
    </ClInclude>
    <ClInclude Include="src\dcmd\windows\compchannel.h">
      <Filter>src\dcmd\windows</Filter>
    </ClInclude>
    <ClInclude Include="src\dcmd\windows\ctx.h">
      <Filter>src\dcmd\windows</Filter>
    </ClInclude>
    <ClInclude Include="src\dcmd\windows\def.h">
      <Filter>src\dcmd\windows</Filter>
    </ClInclude>
    <ClInclude Include="src\dcmd\windows\device.h">
      <Filter>src\dcmd\windows</Filter>
    </ClInclude>
    <ClInclude Include="src\dcmd\windows\flow.h">
      <Filter>src\dcmd\windows</Filter>
    </ClInclude>
    <ClInclude Include="src\dcmd\windows\obj.h">
      <Filter>src\dcmd\windows</Filter>
    </ClInclude>
    <ClInclude Include="src\dcmd\windows\provider.h">
      <Filter>src\dcmd\windows</Filter>
    </ClInclude>
    <ClInclude Include="src\dcmd\windows\uar.h">
      <Filter>src\dcmd\windows</Filter>
    </ClInclude>
    <ClInclude Include="src\dcmd\windows\umem.h">
      <Filter>src\dcmd\windows</Filter>
    </ClInclude>
    <ClInclude Include="src\dpcp\internal.h">
      <Filter>src\dpcp</Filter>
    </ClInclude>
  </ItemGroup>
</Project>