<?xml version="1.0" encoding="utf-8"?>
<Project ToolsVersion="4.0" xmlns="http://schemas.microsoft.com/developer/msbuild/2003">
  <ItemGroup>
    <ClCompile Include="common\base.cpp">
      <Filter>common</Filter>
    </ClCompile>
    <ClCompile Include="common\gtest-all.cpp">
      <Filter>common</Filter>
    </ClCompile>
    <ClCompile Include="main.cpp">
      <Filter>common</Filter>
    </ClCompile>
    <ClCompile Include="common\sys.cpp">
      <Filter>common</Filter>
    </ClCompile>
    <ClCompile Include="dcmd\dcmd_ctx.cpp">
      <Filter>dcmd_tests</Filter>
    </ClCompile>
    <ClCompile Include="dcmd\dcmd_obj.cpp">
      <Filter>dcmd_tests</Filter>
    </ClCompile>
    <ClCompile Include="dcmd\dcmd_device.cpp">
      <Filter>dcmd_tests</Filter>
    </ClCompile>
    <ClCompile Include="dcmd\dcmd_provider.cpp">
      <Filter>dcmd_tests</Filter>
    </ClCompile>
    <ClCompile Include="dcmd\dcmd_base.cpp">
      <Filter>dcmd_tests</Filter>
    </ClCompile>
    <ClCompile Include="dpcp\adapter_tests.cpp">
      <Filter>dpcp_tests</Filter>
    </ClCompile>
    <ClCompile Include="dpcp\dpcp_base.cpp">
      <Filter>dpcp_tests</Filter>
    </ClCompile>
    <ClCompile Include="dpcp\fr_tests.cpp">
      <Filter>dpcp_tests</Filter>
    </ClCompile>
    <ClCompile Include="dpcp\mkey_tests.cpp">
      <Filter>dpcp_tests</Filter>
    </ClCompile>
    <ClCompile Include="dpcp\obj_tests.cpp">
      <Filter>dpcp_tests</Filter>
    </ClCompile>
    <ClCompile Include="dpcp\pd_tests.cpp">
      <Filter>dpcp_tests</Filter>
    </ClCompile>
    <ClCompile Include="dpcp\provider_tests.cpp">
      <Filter>dpcp_tests</Filter>
    </ClCompile>
    <ClCompile Include="dpcp\rq_tests.cpp">
      <Filter>dpcp_tests</Filter>
    </ClCompile>
    <ClCompile Include="dpcp\td_tests.cpp">
      <Filter>dpcp_tests</Filter>
    </ClCompile>
    <ClCompile Include="dpcp\tir_tests.cpp">
      <Filter>dpcp_tests</Filter>
    </ClCompile>
    <ClCompile Include="dpcp\uar_tests.cpp">
      <Filter>dpcp_tests</Filter>
    </ClCompile>
    <ClCompile Include="dcmd\dcmd_compchannel.cpp">
      <Filter>dcmd_tests</Filter>
    </ClCompile>
  </ItemGroup>
  <ItemGroup>
    <ClInclude Include="common\cmn.h">
      <Filter>common</Filter>
    </ClInclude>
    <ClInclude Include="common\base.h">
      <Filter>common</Filter>
    </ClInclude>
    <ClInclude Include="common\def.h">
      <Filter>common</Filter>
    </ClInclude>
    <ClInclude Include="common\log.h">
      <Filter>common</Filter>
    </ClInclude>
    <ClInclude Include="common\sys.h">
      <Filter>common</Filter>
    </ClInclude>
    <ClInclude Include="common\tap.h">
      <Filter>common</Filter>
    </ClInclude>
    <ClInclude Include="dcmd\dcmd_base.h">
      <Filter>dcmd_tests</Filter>
    </ClInclude>
    <ClInclude Include="dpcp\dpcp_base.h">
      <Filter>dpcp_tests</Filter>
    </ClInclude>
  </ItemGroup>
  <ItemGroup>
    <Filter Include="common">
      <UniqueIdentifier>{4c545410-0821-4acb-ba5a-d7414da5840e}</UniqueIdentifier>
    </Filter>
    <Filter Include="dcmd_tests">
      <UniqueIdentifier>{f948d1eb-cd49-4f0e-aebf-59c07e1e93d5}</UniqueIdentifier>
    </Filter>
    <Filter Include="dpcp_tests">
      <UniqueIdentifier>{20246d6b-002f-443b-8c2c-ea05586054f9}</UniqueIdentifier>
    </Filter>
  </ItemGroup>
</Project>